
Microsoft Visual Studio Solution File, Format Version 12.00
# Visual Studio Version 17
VisualStudioVersion = 17.9.34728.123
MinimumVisualStudioVersion = 10.0.40219.1
Project("{9A19103F-16F7-4668-BE54-9A1E7A4F7556}") = "NC.Wpf.App", "src\NC.Wpf.App\NC.Wpf.App.csproj", "{2F4282A8-0EED-4937-96B9-3CF767E0F2F2}"
EndProject
Project("{2150E333-8FDC-42A3-9474-1A3956D46DE8}") = "modules", "modules", "{64E24576-A802-4B11-827D-3C7EE45395C7}"
EndProject
Project("{2150E333-8FDC-42A3-9474-1A3956D46DE8}") = "framework", "framework", "{DFD56E61-4BD0-4685-A913-C23359F9E762}"
EndProject
Project("{2150E333-8FDC-42A3-9474-1A3956D46DE8}") = "services", "services", "{12849FDD-2B4F-45AA-996D-9A7325CF19AA}"
EndProject
Project("{9A19103F-16F7-4668-BE54-9A1E7A4F7556}") = "NC.Wpf.Core", "src\NC.Wpf.Core\NC.Wpf.Core.csproj", "{A579F3FF-9C90-4212-8673-ACF05805DE9A}"
EndProject
Project("{9A19103F-16F7-4668-BE54-9A1E7A4F7556}") = "NC.Wpf.Framework", "src\NC.Wpf.Framework\NC.Wpf.Framework.csproj", "{6EC50367-43A5-423C-8D45-D931110DD1D8}"
EndProject
Project("{9A19103F-16F7-4668-BE54-9A1E7A4F7556}") = "NC.Wpf.AModule", "src\NC.Wpf.AModule\NC.Wpf.AModule.csproj", "{AE8887CC-7772-451E-AF4D-E0DEA7D1E337}"
EndProject
Project("{9A19103F-16F7-4668-BE54-9A1E7A4F7556}") = "NC.Wpf.HomeModule", "src\NC.Wpf.HomeModule\NC.Wpf.HomeModule.csproj", "{7E5B47BC-3611-4D60-AB18-A8872CF0E27F}"
EndProject
Project("{9A19103F-16F7-4668-BE54-9A1E7A4F7556}") = "NC.Wpf.Controls", "src\NC.Wpf.Controls\NC.Wpf.Controls.csproj", "{D854F6E2-B8D0-485F-8AA6-9322214AD474}"
EndProject
Project("{9A19103F-16F7-4668-BE54-9A1E7A4F7556}") = "NC.Wpf.Domain", "src\NC.Wpf.Domain\NC.Wpf.Domain.csproj", "{0A8C8F9F-1813-455F-9C0C-AA7EB722C15F}"
EndProject
Project("{9A19103F-16F7-4668-BE54-9A1E7A4F7556}") = "NC.Wpf.Domain.Shared", "src\NC.Wpf.Domain.Shared\NC.Wpf.Domain.Shared.csproj", "{27FAD732-7FB6-4D3A-83AA-EB928197FB09}"
EndProject
Project("{9A19103F-16F7-4668-BE54-9A1E7A4F7556}") = "NC.Wpf.Application.Contracts", "src\NC.Wpf.Application.Contracts\NC.Wpf.Application.Contracts.csproj", "{86812ABC-A8E1-435D-9A94-D5F38F7D6782}"
EndProject
Project("{9A19103F-16F7-4668-BE54-9A1E7A4F7556}") = "NC.Wpf.Application", "src\NC.Wpf.Application\NC.Wpf.Application.csproj", "{B4A9C897-99E7-4563-9F3F-09C4AC567054}"
EndProject
Project("{2150E333-8FDC-42A3-9474-1A3956D46DE8}") = "domains", "domains", "{C517ED03-34A6-4C8A-8C2F-4C3622B446D2}"
EndProject
Project("{9A19103F-16F7-4668-BE54-9A1E7A4F7556}") = "NC.Wpf.Localization", "src\NC.Wpf.Localization\NC.Wpf.Localization.csproj", "{AEFEA415-4866-4771-B3D8-5A2B00EF033C}"
EndProject
Project("{2150E333-8FDC-42A3-9474-1A3956D46DE8}") = "test", "test", "{5FA068CD-C799-4F61-839A-36BCAB6A8698}"
EndProject
Project("{9A19103F-16F7-4668-BE54-9A1E7A4F7556}") = "WpfApp1", "src\WpfApp1\WpfApp1.csproj", "{54F1742F-8C90-445C-8216-B967450967BC}"
EndProject
Project("{9A19103F-16F7-4668-BE54-9A1E7A4F7556}") = "NC.Wpf.ControlModule", "src\NC.Wpf.ControlModule\NC.Wpf.ControlModule.csproj", "{E0A1D108-75A8-410B-8CB4-23609E813713}"
EndProject
Project("{9A19103F-16F7-4668-BE54-9A1E7A4F7556}") = "NC.Wpf.SqlSugar", "src\NC.Wpf.SqlSugar\NC.Wpf.SqlSugar.csproj", "{607478A5-6EA6-453E-BE28-81884CAB2DD5}"
EndProject
Global
	GlobalSection(SolutionConfigurationPlatforms) = preSolution
		Debug|Any CPU = Debug|Any CPU
		Release|Any CPU = Release|Any CPU
	EndGlobalSection
	GlobalSection(ProjectConfigurationPlatforms) = postSolution
		{2F4282A8-0EED-4937-96B9-3CF767E0F2F2}.Debug|Any CPU.ActiveCfg = Debug|Any CPU
		{2F4282A8-0EED-4937-96B9-3CF767E0F2F2}.Debug|Any CPU.Build.0 = Debug|Any CPU
		{2F4282A8-0EED-4937-96B9-3CF767E0F2F2}.Release|Any CPU.ActiveCfg = Release|Any CPU
		{2F4282A8-0EED-4937-96B9-3CF767E0F2F2}.Release|Any CPU.Build.0 = Release|Any CPU
		{A579F3FF-9C90-4212-8673-ACF05805DE9A}.Debug|Any CPU.ActiveCfg = Debug|Any CPU
		{A579F3FF-9C90-4212-8673-ACF05805DE9A}.Debug|Any CPU.Build.0 = Debug|Any CPU
		{A579F3FF-9C90-4212-8673-ACF05805DE9A}.Release|Any CPU.ActiveCfg = Release|Any CPU
		{A579F3FF-9C90-4212-8673-ACF05805DE9A}.Release|Any CPU.Build.0 = Release|Any CPU
		{6EC50367-43A5-423C-8D45-D931110DD1D8}.Debug|Any CPU.ActiveCfg = Debug|Any CPU
		{6EC50367-43A5-423C-8D45-D931110DD1D8}.Debug|Any CPU.Build.0 = Debug|Any CPU
		{6EC50367-43A5-423C-8D45-D931110DD1D8}.Release|Any CPU.ActiveCfg = Release|Any CPU
		{6EC50367-43A5-423C-8D45-D931110DD1D8}.Release|Any CPU.Build.0 = Release|Any CPU
		{AE8887CC-7772-451E-AF4D-E0DEA7D1E337}.Debug|Any CPU.ActiveCfg = Debug|Any CPU
		{AE8887CC-7772-451E-AF4D-E0DEA7D1E337}.Debug|Any CPU.Build.0 = Debug|Any CPU
		{AE8887CC-7772-451E-AF4D-E0DEA7D1E337}.Release|Any CPU.ActiveCfg = Release|Any CPU
		{AE8887CC-7772-451E-AF4D-E0DEA7D1E337}.Release|Any CPU.Build.0 = Release|Any CPU
		{7E5B47BC-3611-4D60-AB18-A8872CF0E27F}.Debug|Any CPU.ActiveCfg = Debug|Any CPU
		{7E5B47BC-3611-4D60-AB18-A8872CF0E27F}.Debug|Any CPU.Build.0 = Debug|Any CPU
		{7E5B47BC-3611-4D60-AB18-A8872CF0E27F}.Release|Any CPU.ActiveCfg = Release|Any CPU
		{7E5B47BC-3611-4D60-AB18-A8872CF0E27F}.Release|Any CPU.Build.0 = Release|Any CPU
		{D854F6E2-B8D0-485F-8AA6-9322214AD474}.Debug|Any CPU.ActiveCfg = Debug|Any CPU
		{D854F6E2-B8D0-485F-8AA6-9322214AD474}.Debug|Any CPU.Build.0 = Debug|Any CPU
		{D854F6E2-B8D0-485F-8AA6-9322214AD474}.Release|Any CPU.ActiveCfg = Release|Any CPU
		{D854F6E2-B8D0-485F-8AA6-9322214AD474}.Release|Any CPU.Build.0 = Release|Any CPU
		{0A8C8F9F-1813-455F-9C0C-AA7EB722C15F}.Debug|Any CPU.ActiveCfg = Debug|Any CPU
		{0A8C8F9F-1813-455F-9C0C-AA7EB722C15F}.Debug|Any CPU.Build.0 = Debug|Any CPU
		{0A8C8F9F-1813-455F-9C0C-AA7EB722C15F}.Release|Any CPU.ActiveCfg = Release|Any CPU
		{0A8C8F9F-1813-455F-9C0C-AA7EB722C15F}.Release|Any CPU.Build.0 = Release|Any CPU
		{27FAD732-7FB6-4D3A-83AA-EB928197FB09}.Debug|Any CPU.ActiveCfg = Debug|Any CPU
		{27FAD732-7FB6-4D3A-83AA-EB928197FB09}.Debug|Any CPU.Build.0 = Debug|Any CPU
		{27FAD732-7FB6-4D3A-83AA-EB928197FB09}.Release|Any CPU.ActiveCfg = Release|Any CPU
		{27FAD732-7FB6-4D3A-83AA-EB928197FB09}.Release|Any CPU.Build.0 = Release|Any CPU
		{86812ABC-A8E1-435D-9A94-D5F38F7D6782}.Debug|Any CPU.ActiveCfg = Debug|Any CPU
		{86812ABC-A8E1-435D-9A94-D5F38F7D6782}.Debug|Any CPU.Build.0 = Debug|Any CPU
		{86812ABC-A8E1-435D-9A94-D5F38F7D6782}.Release|Any CPU.ActiveCfg = Release|Any CPU
		{86812ABC-A8E1-435D-9A94-D5F38F7D6782}.Release|Any CPU.Build.0 = Release|Any CPU
		{B4A9C897-99E7-4563-9F3F-09C4AC567054}.Debug|Any CPU.ActiveCfg = Debug|Any CPU
		{B4A9C897-99E7-4563-9F3F-09C4AC567054}.Debug|Any CPU.Build.0 = Debug|Any CPU
		{B4A9C897-99E7-4563-9F3F-09C4AC567054}.Release|Any CPU.ActiveCfg = Release|Any CPU
		{B4A9C897-99E7-4563-9F3F-09C4AC567054}.Release|Any CPU.Build.0 = Release|Any CPU
		{AEFEA415-4866-4771-B3D8-5A2B00EF033C}.Debug|Any CPU.ActiveCfg = Debug|Any CPU
		{AEFEA415-4866-4771-B3D8-5A2B00EF033C}.Debug|Any CPU.Build.0 = Debug|Any CPU
		{AEFEA415-4866-4771-B3D8-5A2B00EF033C}.Release|Any CPU.ActiveCfg = Release|Any CPU
		{AEFEA415-4866-4771-B3D8-5A2B00EF033C}.Release|Any CPU.Build.0 = Release|Any CPU
		{54F1742F-8C90-445C-8216-B967450967BC}.Debug|Any CPU.ActiveCfg = Debug|Any CPU
		{54F1742F-8C90-445C-8216-B967450967BC}.Debug|Any CPU.Build.0 = Debug|Any CPU
		{54F1742F-8C90-445C-8216-B967450967BC}.Release|Any CPU.ActiveCfg = Release|Any CPU
		{54F1742F-8C90-445C-8216-B967450967BC}.Release|Any CPU.Build.0 = Release|Any CPU
		{E0A1D108-75A8-410B-8CB4-23609E813713}.Debug|Any CPU.ActiveCfg = Debug|Any CPU
		{E0A1D108-75A8-410B-8CB4-23609E813713}.Debug|Any CPU.Build.0 = Debug|Any CPU
		{E0A1D108-75A8-410B-8CB4-23609E813713}.Release|Any CPU.ActiveCfg = Release|Any CPU
		{E0A1D108-75A8-410B-8CB4-23609E813713}.Release|Any CPU.Build.0 = Release|Any CPU
		{607478A5-6EA6-453E-BE28-81884CAB2DD5}.Debug|Any CPU.ActiveCfg = Debug|Any CPU
		{607478A5-6EA6-453E-BE28-81884CAB2DD5}.Debug|Any CPU.Build.0 = Debug|Any CPU
		{607478A5-6EA6-453E-BE28-81884CAB2DD5}.Release|Any CPU.ActiveCfg = Release|Any CPU
		{607478A5-6EA6-453E-BE28-81884CAB2DD5}.Release|Any CPU.Build.0 = Release|Any CPU
	EndGlobalSection
	GlobalSection(SolutionProperties) = preSolution
		HideSolutionNode = FALSE
	EndGlobalSection
	GlobalSection(NestedProjects) = preSolution
		{A579F3FF-9C90-4212-8673-ACF05805DE9A} = {DFD56E61-4BD0-4685-A913-C23359F9E762}
		{6EC50367-43A5-423C-8D45-D931110DD1D8} = {DFD56E61-4BD0-4685-A913-C23359F9E762}
		{AE8887CC-7772-451E-AF4D-E0DEA7D1E337} = {64E24576-A802-4B11-827D-3C7EE45395C7}
		{7E5B47BC-3611-4D60-AB18-A8872CF0E27F} = {64E24576-A802-4B11-827D-3C7EE45395C7}
		{D854F6E2-B8D0-485F-8AA6-9322214AD474} = {DFD56E61-4BD0-4685-A913-C23359F9E762}
		{0A8C8F9F-1813-455F-9C0C-AA7EB722C15F} = {C517ED03-34A6-4C8A-8C2F-4C3622B446D2}
		{27FAD732-7FB6-4D3A-83AA-EB928197FB09} = {C517ED03-34A6-4C8A-8C2F-4C3622B446D2}
		{86812ABC-A8E1-435D-9A94-D5F38F7D6782} = {12849FDD-2B4F-45AA-996D-9A7325CF19AA}
		{B4A9C897-99E7-4563-9F3F-09C4AC567054} = {12849FDD-2B4F-45AA-996D-9A7325CF19AA}
		{AEFEA415-4866-4771-B3D8-5A2B00EF033C} = {DFD56E61-4BD0-4685-A913-C23359F9E762}
		{54F1742F-8C90-445C-8216-B967450967BC} = {5FA068CD-C799-4F61-839A-36BCAB6A8698}
		{E0A1D108-75A8-410B-8CB4-23609E813713} = {64E24576-A802-4B11-827D-3C7EE45395C7}
		{607478A5-6EA6-453E-BE28-81884CAB2DD5} = {C517ED03-34A6-4C8A-8C2F-4C3622B446D2}
	EndGlobalSection
	GlobalSection(ExtensibilityGlobals) = postSolution
		SolutionGuid = {D6BA2A54-21CE-4585-9B53-409613E03CBD}
		RESX_ResXSortingComparison = CurrentCulture
		RESX_AutoCreateNewLanguageFiles = True
		RESX_ConfirmAddLanguageFile = True
		RESX_PrefixTranslations = True
		RESX_PrefixFieldType = Value
	EndGlobalSection
EndGlobal
